
Microsoft Visual Studio Solution File, Format Version 12.00
# Visual Studio 15
VisualStudioVersion = 15.0.28307.852
MinimumVisualStudioVersion = 10.0.40219.1
Project("{8BC9CEB8-8B4A-11D0-8D11-00A0C91BC942}") = "ModbusComms", "ModbusComms\ModbusComms.vcxproj", "{2E9893CC-95AD-4518-B41B-0A86608D333C}"
	ProjectSection(ProjectDependencies) = postProject
		{1C860A3C-FB3B-427B-8C29-88FACEDEAF77} = {1C860A3C-FB3B-427B-8C29-88FACEDEAF77}
		{8509B043-799C-486F-BD5C-EEF43D29D362} = {8509B043-799C-486F-BD5C-EEF43D29D362}
		{6E4CA38A-428B-42D1-B736-B95E272193BD} = {6E4CA38A-428B-42D1-B736-B95E272193BD}
		{E09D2BB2-BD3B-4654-A0C7-679D0D33ADFA} = {E09D2BB2-BD3B-4654-A0C7-679D0D33ADFA}
		{E19798D2-AB8F-425F-8419-ADBEBF0C1FA2} = {E19798D2-AB8F-425F-8419-ADBEBF0C1FA2}
	EndProjectSection
EndProject
Project("{8BC9CEB8-8B4A-11D0-8D11-00A0C91BC942}") = "Utilities", "Utilities\Utilities.vcxproj", "{1C860A3C-FB3B-427B-8C29-88FACEDEAF77}"
EndProject
Project("{8BC9CEB8-8B4A-11D0-8D11-00A0C91BC942}") = "Threads", "Threads\Threads.vcxproj", "{8509B043-799C-486F-BD5C-EEF43D29D362}"
EndProject
Project("{8BC9CEB8-8B4A-11D0-8D11-00A0C91BC942}") = "Synchronisation", "Synchronisation\Synchronisation.vcxproj", "{E19798D2-AB8F-425F-8419-ADBEBF0C1FA2}"
EndProject
Project("{8BC9CEB8-8B4A-11D0-8D11-00A0C91BC942}") = "Exceptions", "Exceptions\Exceptions.vcxproj", "{E09D2BB2-BD3B-4654-A0C7-679D0D33ADFA}"
EndProject
Project("{8BC9CEB8-8B4A-11D0-8D11-00A0C91BC942}") = "Versioning", "Versioning\Versioning.vcxproj", "{6E4CA38A-428B-42D1-B736-B95E272193BD}"
EndProject
Project("{8BC9CEB8-8B4A-11D0-8D11-00A0C91BC942}") = "UnitTest", "UnitTest\UnitTest.vcxproj", "{0A8F19B1-071D-4E8A-BFCF-6144B78A26C6}"
EndProject
Project("{8BC9CEB8-8B4A-11D0-8D11-00A0C91BC942}") = "ModbusServerAgent", "ModbusServerAgent\ModbusServerAgent.vcxproj", "{8FE6CC2B-4EF4-4F92-9921-84DB135D223F}"
	ProjectSection(ProjectDependencies) = postProject
		{1C860A3C-FB3B-427B-8C29-88FACEDEAF77} = {1C860A3C-FB3B-427B-8C29-88FACEDEAF77}
		{8509B043-799C-486F-BD5C-EEF43D29D362} = {8509B043-799C-486F-BD5C-EEF43D29D362}
		{6E4CA38A-428B-42D1-B736-B95E272193BD} = {6E4CA38A-428B-42D1-B736-B95E272193BD}
		{E09D2BB2-BD3B-4654-A0C7-679D0D33ADFA} = {E09D2BB2-BD3B-4654-A0C7-679D0D33ADFA}
		{2E9893CC-95AD-4518-B41B-0A86608D333C} = {2E9893CC-95AD-4518-B41B-0A86608D333C}
		{E19798D2-AB8F-425F-8419-ADBEBF0C1FA2} = {E19798D2-AB8F-425F-8419-ADBEBF0C1FA2}
	EndProjectSection
EndProject
Project("{8BC9CEB8-8B4A-11D0-8D11-00A0C91BC942}") = "RTDUTest", "RTDUTest\RTDUTest.vcxproj", "{14237F88-1713-416E-80E6-A9239D15F62D}"
EndProject
Global
	GlobalSection(SolutionConfigurationPlatforms) = preSolution
		Debug|x64 = Debug|x64
		Debug|x86 = Debug|x86
		Release|x64 = Release|x64
		Release|x86 = Release|x86
	EndGlobalSection
	GlobalSection(ProjectConfigurationPlatforms) = postSolution
		{2E9893CC-95AD-4518-B41B-0A86608D333C}.Debug|x64.ActiveCfg = Debug|x64
		{2E9893CC-95AD-4518-B41B-0A86608D333C}.Debug|x64.Build.0 = Debug|x64
		{2E9893CC-95AD-4518-B41B-0A86608D333C}.Debug|x86.ActiveCfg = Debug|Win32
		{2E9893CC-95AD-4518-B41B-0A86608D333C}.Debug|x86.Build.0 = Debug|Win32
		{2E9893CC-95AD-4518-B41B-0A86608D333C}.Release|x64.ActiveCfg = Release|x64
		{2E9893CC-95AD-4518-B41B-0A86608D333C}.Release|x64.Build.0 = Release|x64
		{2E9893CC-95AD-4518-B41B-0A86608D333C}.Release|x86.ActiveCfg = Release|Win32
		{2E9893CC-95AD-4518-B41B-0A86608D333C}.Release|x86.Build.0 = Release|Win32
		{1C860A3C-FB3B-427B-8C29-88FACEDEAF77}.Debug|x64.ActiveCfg = Debug|x64
		{1C860A3C-FB3B-427B-8C29-88FACEDEAF77}.Debug|x64.Build.0 = Debug|x64
		{1C860A3C-FB3B-427B-8C29-88FACEDEAF77}.Debug|x86.ActiveCfg = Debug|Win32
		{1C860A3C-FB3B-427B-8C29-88FACEDEAF77}.Debug|x86.Build.0 = Debug|Win32
		{1C860A3C-FB3B-427B-8C29-88FACEDEAF77}.Release|x64.ActiveCfg = Release|x64
		{1C860A3C-FB3B-427B-8C29-88FACEDEAF77}.Release|x64.Build.0 = Release|x64
		{1C860A3C-FB3B-427B-8C29-88FACEDEAF77}.Release|x86.ActiveCfg = Release|Win32
		{1C860A3C-FB3B-427B-8C29-88FACEDEAF77}.Release|x86.Build.0 = Release|Win32
		{8509B043-799C-486F-BD5C-EEF43D29D362}.Debug|x64.ActiveCfg = Debug|x64
		{8509B043-799C-486F-BD5C-EEF43D29D362}.Debug|x64.Build.0 = Debug|x64
		{8509B043-799C-486F-BD5C-EEF43D29D362}.Debug|x86.ActiveCfg = Debug|Win32
		{8509B043-799C-486F-BD5C-EEF43D29D362}.Debug|x86.Build.0 = Debug|Win32
		{8509B043-799C-486F-BD5C-EEF43D29D362}.Release|x64.ActiveCfg = Release|x64
		{8509B043-799C-486F-BD5C-EEF43D29D362}.Release|x64.Build.0 = Release|x64
		{8509B043-799C-486F-BD5C-EEF43D29D362}.Release|x86.ActiveCfg = Release|Win32
		{8509B043-799C-486F-BD5C-EEF43D29D362}.Release|x86.Build.0 = Release|Win32
		{E19798D2-AB8F-425F-8419-ADBEBF0C1FA2}.Debug|x64.ActiveCfg = Debug|x64
		{E19798D2-AB8F-425F-8419-ADBEBF0C1FA2}.Debug|x64.Build.0 = Debug|x64
		{E19798D2-AB8F-425F-8419-ADBEBF0C1FA2}.Debug|x86.ActiveCfg = Debug|Win32
		{E19798D2-AB8F-425F-8419-ADBEBF0C1FA2}.Debug|x86.Build.0 = Debug|Win32
		{E19798D2-AB8F-425F-8419-ADBEBF0C1FA2}.Release|x64.ActiveCfg = Release|x64
		{E19798D2-AB8F-425F-8419-ADBEBF0C1FA2}.Release|x64.Build.0 = Release|x64
		{E19798D2-AB8F-425F-8419-ADBEBF0C1FA2}.Release|x86.ActiveCfg = Release|Win32
		{E19798D2-AB8F-425F-8419-ADBEBF0C1FA2}.Release|x86.Build.0 = Release|Win32
		{E09D2BB2-BD3B-4654-A0C7-679D0D33ADFA}.Debug|x64.ActiveCfg = Debug|x64
		{E09D2BB2-BD3B-4654-A0C7-679D0D33ADFA}.Debug|x64.Build.0 = Debug|x64
		{E09D2BB2-BD3B-4654-A0C7-679D0D33ADFA}.Debug|x86.ActiveCfg = Debug|Win32
		{E09D2BB2-BD3B-4654-A0C7-679D0D33ADFA}.Debug|x86.Build.0 = Debug|Win32
		{E09D2BB2-BD3B-4654-A0C7-679D0D33ADFA}.Release|x64.ActiveCfg = Release|x64
		{E09D2BB2-BD3B-4654-A0C7-679D0D33ADFA}.Release|x64.Build.0 = Release|x64
		{E09D2BB2-BD3B-4654-A0C7-679D0D33ADFA}.Release|x86.ActiveCfg = Release|Win32
		{E09D2BB2-BD3B-4654-A0C7-679D0D33ADFA}.Release|x86.Build.0 = Release|Win32
		{6E4CA38A-428B-42D1-B736-B95E272193BD}.Debug|x64.ActiveCfg = Debug|x64
		{6E4CA38A-428B-42D1-B736-B95E272193BD}.Debug|x64.Build.0 = Debug|x64
		{6E4CA38A-428B-42D1-B736-B95E272193BD}.Debug|x86.ActiveCfg = Debug|Win32
		{6E4CA38A-428B-42D1-B736-B95E272193BD}.Debug|x86.Build.0 = Debug|Win32
		{6E4CA38A-428B-42D1-B736-B95E272193BD}.Release|x64.ActiveCfg = Release|x64
		{6E4CA38A-428B-42D1-B736-B95E272193BD}.Release|x64.Build.0 = Release|x64
		{6E4CA38A-428B-42D1-B736-B95E272193BD}.Release|x86.ActiveCfg = Release|Win32
		{6E4CA38A-428B-42D1-B736-B95E272193BD}.Release|x86.Build.0 = Release|Win32
		{0A8F19B1-071D-4E8A-BFCF-6144B78A26C6}.Debug|x64.ActiveCfg = Debug|x64
		{0A8F19B1-071D-4E8A-BFCF-6144B78A26C6}.Debug|x64.Build.0 = Debug|x64
		{0A8F19B1-071D-4E8A-BFCF-6144B78A26C6}.Debug|x86.ActiveCfg = Debug|Win32
		{0A8F19B1-071D-4E8A-BFCF-6144B78A26C6}.Debug|x86.Build.0 = Debug|Win32
		{0A8F19B1-071D-4E8A-BFCF-6144B78A26C6}.Release|x64.ActiveCfg = Release|x64
		{0A8F19B1-071D-4E8A-BFCF-6144B78A26C6}.Release|x64.Build.0 = Release|x64
		{0A8F19B1-071D-4E8A-BFCF-6144B78A26C6}.Release|x86.ActiveCfg = Release|Win32
		{0A8F19B1-071D-4E8A-BFCF-6144B78A26C6}.Release|x86.Build.0 = Release|Win32
		{8FE6CC2B-4EF4-4F92-9921-84DB135D223F}.Debug|x64.ActiveCfg = Debug|x64
		{8FE6CC2B-4EF4-4F92-9921-84DB135D223F}.Debug|x64.Build.0 = Debug|x64
		{8FE6CC2B-4EF4-4F92-9921-84DB135D223F}.Debug|x86.ActiveCfg = Debug|Win32
		{8FE6CC2B-4EF4-4F92-9921-84DB135D223F}.Debug|x86.Build.0 = Debug|Win32
		{8FE6CC2B-4EF4-4F92-9921-84DB135D223F}.Release|x64.ActiveCfg = Release|x64
		{8FE6CC2B-4EF4-4F92-9921-84DB135D223F}.Release|x64.Build.0 = Release|x64
		{8FE6CC2B-4EF4-4F92-9921-84DB135D223F}.Release|x86.ActiveCfg = Release|Win32
		{8FE6CC2B-4EF4-4F92-9921-84DB135D223F}.Release|x86.Build.0 = Release|Win32
		{14237F88-1713-416E-80E6-A9239D15F62D}.Debug|x64.ActiveCfg = Debug|Win32
		{14237F88-1713-416E-80E6-A9239D15F62D}.Debug|x86.ActiveCfg = Debug|Win32
		{14237F88-1713-416E-80E6-A9239D15F62D}.Debug|x86.Build.0 = Debug|Win32
		{14237F88-1713-416E-80E6-A9239D15F62D}.Release|x64.ActiveCfg = Release|Win32
		{14237F88-1713-416E-80E6-A9239D15F62D}.Release|x86.ActiveCfg = Release|Win32
		{14237F88-1713-416E-80E6-A9239D15F62D}.Release|x86.Build.0 = Release|Win32
	EndGlobalSection
	GlobalSection(SolutionProperties) = preSolution
		HideSolutionNode = FALSE
	EndGlobalSection
	GlobalSection(ExtensibilityGlobals) = postSolution
		SolutionGuid = {3147BD38-1BBD-439E-9F5B-485B58919BC5}
	EndGlobalSection
EndGlobal
